
Microsoft Visual Studio Solution File, Format Version 12.00
Project("{FAE04EC0-301F-11D3-BF4B-00C04F79EFBC}") = "SquareSumsCli", "SquareSumsCli\SquareSumsCli.csproj", "{CE0BF08B-9BFC-4DCB-88A5-320B79AC8F87}"
EndProject
Project("{FAE04EC0-301F-11D3-BF4B-00C04F79EFBC}") = "SquareSums", "SquareSums\SquareSums.csproj", "{8D3E06E6-AD60-48EE-9F21-338D1808F0D1}"
EndProject
Global
	GlobalSection(SolutionConfigurationPlatforms) = preSolution
		Debug|Any CPU = Debug|Any CPU
		Release|Any CPU = Release|Any CPU
	EndGlobalSection
	GlobalSection(ProjectConfigurationPlatforms) = postSolution
		{CE0BF08B-9BFC-4DCB-88A5-320B79AC8F87}.Debug|Any CPU.ActiveCfg = Debug|Any CPU
		{CE0BF08B-9BFC-4DCB-88A5-320B79AC8F87}.Debug|Any CPU.Build.0 = Debug|Any CPU
		{CE0BF08B-9BFC-4DCB-88A5-320B79AC8F87}.Release|Any CPU.ActiveCfg = Release|Any CPU
		{CE0BF08B-9BFC-4DCB-88A5-320B79AC8F87}.Release|Any CPU.Build.0 = Release|Any CPU
		{8D3E06E6-AD60-48EE-9F21-338D1808F0D1}.Debug|Any CPU.ActiveCfg = Debug|Any CPU
		{8D3E06E6-AD60-48EE-9F21-338D1808F0D1}.Debug|Any CPU.Build.0 = Debug|Any CPU
		{8D3E06E6-AD60-48EE-9F21-338D1808F0D1}.Release|Any CPU.ActiveCfg = Release|Any CPU
		{8D3E06E6-AD60-48EE-9F21-338D1808F0D1}.Release|Any CPU.Build.0 = Release|Any CPU
	EndGlobalSection
EndGlobal
